// !$*UTF8*$!
{
	archiveVersion = 1;
	classes = {
	};
	objectVersion = 77;
	objects = {

/* Begin PBXBuildFile section */
		210C1FCB2DAA7864008DB045 /* XZMorphUI.swift in Sources */ = {isa = PBXBuildFile; fileRef = 210C1FCA2DAA7864008DB045 /* XZMorphUI.swift */; };
		210C1FCD2DAAABA1008DB045 /* LibraryTabView.swift in Sources */ = {isa = PBXBuildFile; fileRef = 210C1FCC2DAAABA1008DB045 /* LibraryTabView.swift */; };
		212A4DA82DA8B0DF00B38DF3 /* LuckTabButton.swift in Sources */ = {isa = PBXBuildFile; fileRef = 212A4DA72DA8B0DF00B38DF3 /* LuckTabButton.swift */; };
		212A4DAB2DA8B10100B38DF3 /* LuckTabView.swift in Sources */ = {isa = PBXBuildFile; fileRef = 212A4DAA2DA8B10100B38DF3 /* LuckTabView.swift */; };
		215F35602DA7388600122F06 /* ContentView.swift in Sources */ = {isa = PBXBuildFile; fileRef = 215F355D2DA7388600122F06 /* ContentView.swift */; };
		215F35612DA7388600122F06 /* LuckUIExperimentsApp.swift in Sources */ = {isa = PBXBuildFile; fileRef = 215F355E2DA7388600122F06 /* LuckUIExperimentsApp.swift */; };
		215F35622DA7388600122F06 /* Assets.xcassets in Resources */ = {isa = PBXBuildFile; fileRef = 215F355C2DA7388600122F06 /* Assets.xcassets */; };
		21E37DCA2DA88A0F0002997C /* VariableBlur.swift in Sources */ = {isa = PBXBuildFile; fileRef = 21E37DC92DA88A0F0002997C /* VariableBlur.swift */; };
/* End PBXBuildFile section */

/* Begin PBXFileReference section */
		210C1FCA2DAA7864008DB045 /* XZMorphUI.swift */ = {isa = PBXFileReference; lastKnownFileType = sourcecode.swift; path = XZMorphUI.swift; sourceTree = "<group>"; };
		210C1FCC2DAAABA1008DB045 /* LibraryTabView.swift */ = {isa = PBXFileReference; lastKnownFileType = sourcecode.swift; path = LibraryTabView.swift; sourceTree = "<group>"; };
		212A4DA72DA8B0DF00B38DF3 /* LuckTabButton.swift */ = {isa = PBXFileReference; lastKnownFileType = sourcecode.swift; path = LuckTabButton.swift; sourceTree = "<group>"; };
		212A4DAA2DA8B10100B38DF3 /* LuckTabView.swift */ = {isa = PBXFileReference; lastKnownFileType = sourcecode.swift; path = LuckTabView.swift; sourceTree = "<group>"; };
		215F354E2DA7385E00122F06 /* LuckUIExperiments.app */ = {isa = PBXFileReference; explicitFileType = wrapper.application; includeInIndex = 0; path = LuckUIExperiments.app; sourceTree = BUILT_PRODUCTS_DIR; };
		215F355C2DA7388600122F06 /* Assets.xcassets */ = {isa = PBXFileReference; lastKnownFileType = folder.assetcatalog; path = Assets.xcassets; sourceTree = "<group>"; };
		215F355D2DA7388600122F06 /* ContentView.swift */ = {isa = PBXFileReference; lastKnownFileType = sourcecode.swift; path = ContentView.swift; sourceTree = "<group>"; };
		215F355E2DA7388600122F06 /* LuckUIExperimentsApp.swift */ = {isa = PBXFileReference; lastKnownFileType = sourcecode.swift; path = LuckUIExperimentsApp.swift; sourceTree = "<group>"; };
		21E37DC92DA88A0F0002997C /* VariableBlur.swift */ = {isa = PBXFileReference; lastKnownFileType = sourcecode.swift; path = VariableBlur.swift; sourceTree = "<group>"; };
/* End PBXFileReference section */

/* Begin PBXFrameworksBuildPhase section */
		215F354B2DA7385E00122F06 /* Frameworks */ = {
			isa = PBXFrameworksBuildPhase;
			buildActionMask = 2147483647;
			files = (
			);
			runOnlyForDeploymentPostprocessing = 0;
		};
/* End PBXFrameworksBuildPhase section */

/* Begin PBXGroup section */
		212A4DA92DA8B0EB00B38DF3 /* Controls */ = {
			isa = PBXGroup;
			children = (
				212A4DA72DA8B0DF00B38DF3 /* LuckTabButton.swift */,
				212A4DAA2DA8B10100B38DF3 /* LuckTabView.swift */,
			);
			path = Controls;
			sourceTree = "<group>";
		};
		214369482DAC7671005CC7FB /* Demos */ = {
			isa = PBXGroup;
			children = (
				214369492DAC767E005CC7FB /* Apple Music Demo */,
			);
			path = Demos;
			sourceTree = "<group>";
		};
		214369492DAC767E005CC7FB /* Apple Music Demo */ = {
			isa = PBXGroup;
			children = (
				215F355D2DA7388600122F06 /* ContentView.swift */,
				210C1FCC2DAAABA1008DB045 /* LibraryTabView.swift */,
			);
			path = "Apple Music Demo";
			sourceTree = "<group>";
		};
		2143694A2DAC76D7005CC7FB /* Effects */ = {
			isa = PBXGroup;
			children = (
				21E37DC92DA88A0F0002997C /* VariableBlur.swift */,
				210C1FCA2DAA7864008DB045 /* XZMorphUI.swift */,
			);
			path = Effects;
			sourceTree = "<group>";
		};
		215F35452DA7385E00122F06 = {
			isa = PBXGroup;
			children = (
				215F355F2DA7388600122F06 /* LuckUIExperiments */,
				215F354F2DA7385E00122F06 /* Products */,
			);
			sourceTree = "<group>";
		};
		215F354F2DA7385E00122F06 /* Products */ = {
			isa = PBXGroup;
			children = (
				215F354E2DA7385E00122F06 /* LuckUIExperiments.app */,
			);
			name = Products;
			sourceTree = "<group>";
		};
		215F355F2DA7388600122F06 /* LuckUIExperiments */ = {
			isa = PBXGroup;
			children = (
				214369482DAC7671005CC7FB /* Demos */,
				2143694A2DAC76D7005CC7FB /* Effects */,
				212A4DA92DA8B0EB00B38DF3 /* Controls */,
				215F355E2DA7388600122F06 /* LuckUIExperimentsApp.swift */,
				215F355C2DA7388600122F06 /* Assets.xcassets */,
			);
			path = LuckUIExperiments;
			sourceTree = "<group>";
		};
/* End PBXGroup section */

/* Begin PBXNativeTarget section */
		215F354D2DA7385E00122F06 /* LuckUIExperiments */ = {
			isa = PBXNativeTarget;
			buildConfigurationList = 215F35592DA7385F00122F06 /* Build configuration list for PBXNativeTarget "LuckUIExperiments" */;
			buildPhases = (
				215F354A2DA7385E00122F06 /* Sources */,
				215F354B2DA7385E00122F06 /* Frameworks */,
				215F354C2DA7385E00122F06 /* Resources */,
			);
			buildRules = (
			);
			dependencies = (
			);
			name = LuckUIExperiments;
			packageProductDependencies = (
			);
			productName = LuckUIExperiments;
			productReference = 215F354E2DA7385E00122F06 /* LuckUIExperiments.app */;
			productType = "com.apple.product-type.application";
		};
/* End PBXNativeTarget section */

/* Begin PBXProject section */
		215F35462DA7385E00122F06 /* Project object */ = {
			isa = PBXProject;
			attributes = {
				BuildIndependentTargetsInParallel = 1;
				LastSwiftUpdateCheck = 1630;
				LastUpgradeCheck = 1630;
				TargetAttributes = {
					215F354D2DA7385E00122F06 = {
						CreatedOnToolsVersion = 16.3;
					};
				};
			};
			buildConfigurationList = 215F35492DA7385E00122F06 /* Build configuration list for PBXProject "LuckUIExperiments" */;
			developmentRegion = en;
			hasScannedForEncodings = 0;
			knownRegions = (
				en,
				Base,
			);
			mainGroup = 215F35452DA7385E00122F06;
			minimizedProjectReferenceProxies = 1;
			packageReferences = (
			);
			preferredProjectObjectVersion = 77;
			productRefGroup = 215F354F2DA7385E00122F06 /* Products */;
			projectDirPath = "";
			projectRoot = "";
			targets = (
				215F354D2DA7385E00122F06 /* LuckUIExperiments */,
			);
		};
/* End PBXProject section */

/* Begin PBXResourcesBuildPhase section */
		215F354C2DA7385E00122F06 /* Resources */ = {
			isa = PBXResourcesBuildPhase;
			buildActionMask = 2147483647;
			files = (
				215F35622DA7388600122F06 /* Assets.xcassets in Resources */,
			);
			runOnlyForDeploymentPostprocessing = 0;
		};
/* End PBXResourcesBuildPhase section */

/* Begin PBXSourcesBuildPhase section */
		215F354A2DA7385E00122F06 /* Sources */ = {
			isa = PBXSourcesBuildPhase;
			buildActionMask = 2147483647;
			files = (
				210C1FCB2DAA7864008DB045 /* XZMorphUI.swift in Sources */,
				212A4DA82DA8B0DF00B38DF3 /* LuckTabButton.swift in Sources */,
				215F35602DA7388600122F06 /* ContentView.swift in Sources */,
				212A4DAB2DA8B10100B38DF3 /* LuckTabView.swift in Sources */,
				215F35612DA7388600122F06 /* LuckUIExperimentsApp.swift in Sources */,
				21E37DCA2DA88A0F0002997C /* VariableBlur.swift in Sources */,
				210C1FCD2DAAABA1008DB045 /* LibraryTabView.swift in Sources */,
			);
			runOnlyForDeploymentPostprocessing = 0;
		};
/* End PBXSourcesBuildPhase section */

/* Begin XCBuildConfiguration section */
		215F35572DA7385F00122F06 /* Debug */ = {
			isa = XCBuildConfiguration;
			buildSettings = {
				ALWAYS_SEARCH_USER_PATHS = NO;
				ASSETCATALOG_COMPILER_GENERATE_SWIFT_ASSET_SYMBOL_EXTENSIONS = YES;
				CLANG_ANALYZER_NONNULL = YES;
				CLANG_ANALYZER_NUMBER_OBJECT_CONVERSION = YES_AGGRESSIVE;
				CLANG_CXX_LANGUAGE_STANDARD = "gnu++20";
				CLANG_ENABLE_MODULES = YES;
				CLANG_ENABLE_OBJC_ARC = YES;
				CLANG_ENABLE_OBJC_WEAK = YES;
				CLANG_WARN_BLOCK_CAPTURE_AUTORELEASING = YES;
				CLANG_WARN_BOOL_CONVERSION = YES;
				CLANG_WARN_COMMA = YES;
				CLANG_WARN_CONSTANT_CONVERSION = YES;
				CLANG_WARN_DEPRECATED_OBJC_IMPLEMENTATIONS = YES;
				CLANG_WARN_DIRECT_OBJC_ISA_USAGE = YES_ERROR;
				CLANG_WARN_DOCUMENTATION_COMMENTS = YES;
				CLANG_WARN_EMPTY_BODY = YES;
				CLANG_WARN_ENUM_CONVERSION = YES;
				CLANG_WARN_INFINITE_RECURSION = YES;
				CLANG_WARN_INT_CONVERSION = YES;
				CLANG_WARN_NON_LITERAL_NULL_CONVERSION = YES;
				CLANG_WARN_OBJC_IMPLICIT_RETAIN_SELF = YES;
				CLANG_WARN_OBJC_LITERAL_CONVERSION = YES;
				CLANG_WARN_OBJC_ROOT_CLASS = YES_ERROR;
				CLANG_WARN_QUOTED_INCLUDE_IN_FRAMEWORK_HEADER = YES;
				CLANG_WARN_RANGE_LOOP_ANALYSIS = YES;
				CLANG_WARN_STRICT_PROTOTYPES = YES;
				CLANG_WARN_SUSPICIOUS_MOVE = YES;
				CLANG_WARN_UNGUARDED_AVAILABILITY = YES_AGGRESSIVE;
				CLANG_WARN_UNREACHABLE_CODE = YES;
				CLANG_WARN__DUPLICATE_METHOD_MATCH = YES;
				COPY_PHASE_STRIP = NO;
				DEBUG_INFORMATION_FORMAT = dwarf;
				DEVELOPMENT_TEAM = W7TTKAZX72;
				ENABLE_STRICT_OBJC_MSGSEND = YES;
				ENABLE_TESTABILITY = YES;
				ENABLE_USER_SCRIPT_SANDBOXING = YES;
				GCC_C_LANGUAGE_STANDARD = gnu17;
				GCC_DYNAMIC_NO_PIC = NO;
				GCC_NO_COMMON_BLOCKS = YES;
				GCC_OPTIMIZATION_LEVEL = 0;
				GCC_PREPROCESSOR_DEFINITIONS = (
					"DEBUG=1",
					"$(inherited)",
				);
				GCC_WARN_64_TO_32_BIT_CONVERSION = YES;
				GCC_WARN_ABOUT_RETURN_TYPE = YES_ERROR;
				GCC_WARN_UNDECLARED_SELECTOR = YES;
				GCC_WARN_UNINITIALIZED_AUTOS = YES_AGGRESSIVE;
				GCC_WARN_UNUSED_FUNCTION = YES;
				GCC_WARN_UNUSED_VARIABLE = YES;
				IPHONEOS_DEPLOYMENT_TARGET = 18.4;
				LOCALIZATION_PREFERS_STRING_CATALOGS = YES;
				MTL_ENABLE_DEBUG_INFO = INCLUDE_SOURCE;
				MTL_FAST_MATH = YES;
				ONLY_ACTIVE_ARCH = YES;
				SDKROOT = iphoneos;
				SWIFT_ACTIVE_COMPILATION_CONDITIONS = "DEBUG $(inherited)";
				SWIFT_OPTIMIZATION_LEVEL = "-Onone";
			};
			name = Debug;
		};
		215F35582DA7385F00122F06 /* Release */ = {
			isa = XCBuildConfiguration;
			buildSettings = {
				ALWAYS_SEARCH_USER_PATHS = NO;
				ASSETCATALOG_COMPILER_GENERATE_SWIFT_ASSET_SYMBOL_EXTENSIONS = YES;
				CLANG_ANALYZER_NONNULL = YES;
				CLANG_ANALYZER_NUMBER_OBJECT_CONVERSION = YES_AGGRESSIVE;
				CLANG_CXX_LANGUAGE_STANDARD = "gnu++20";
				CLANG_ENABLE_MODULES = YES;
				CLANG_ENABLE_OBJC_ARC = YES;
				CLANG_ENABLE_OBJC_WEAK = YES;
				CLANG_WARN_BLOCK_CAPTURE_AUTORELEASING = YES;
				CLANG_WARN_BOOL_CONVERSION = YES;
				CLANG_WARN_COMMA = YES;
				CLANG_WARN_CONSTANT_CONVERSION = YES;
				CLANG_WARN_DEPRECATED_OBJC_IMPLEMENTATIONS = YES;
				CLANG_WARN_DIRECT_OBJC_ISA_USAGE = YES_ERROR;
				CLANG_WARN_DOCUMENTATION_COMMENTS = YES;
				CLANG_WARN_EMPTY_BODY = YES;
				CLANG_WARN_ENUM_CONVERSION = YES;
				CLANG_WARN_INFINITE_RECURSION = YES;
				CLANG_WARN_INT_CONVERSION = YES;
				CLANG_WARN_NON_LITERAL_NULL_CONVERSION = YES;
				CLANG_WARN_OBJC_IMPLICIT_RETAIN_SELF = YES;
				CLANG_WARN_OBJC_LITERAL_CONVERSION = YES;
				CLANG_WARN_OBJC_ROOT_CLASS = YES_ERROR;
				CLANG_WARN_QUOTED_INCLUDE_IN_FRAMEWORK_HEADER = YES;
				CLANG_WARN_RANGE_LOOP_ANALYSIS = YES;
				CLANG_WARN_STRICT_PROTOTYPES = YES;
				CLANG_WARN_SUSPICIOUS_MOVE = YES;
				CLANG_WARN_UNGUARDED_AVAILABILITY = YES_AGGRESSIVE;
				CLANG_WARN_UNREACHABLE_CODE = YES;
				CLANG_WARN__DUPLICATE_METHOD_MATCH = YES;
				COPY_PHASE_STRIP = NO;
				DEBUG_INFORMATION_FORMAT = "dwarf-with-dsym";
				DEVELOPMENT_TEAM = W7TTKAZX72;
				ENABLE_NS_ASSERTIONS = NO;
				ENABLE_STRICT_OBJC_MSGSEND = YES;
				ENABLE_USER_SCRIPT_SANDBOXING = YES;
				GCC_C_LANGUAGE_STANDARD = gnu17;
				GCC_NO_COMMON_BLOCKS = YES;
				GCC_WARN_64_TO_32_BIT_CONVERSION = YES;
				GCC_WARN_ABOUT_RETURN_TYPE = YES_ERROR;
				GCC_WARN_UNDECLARED_SELECTOR = YES;
				GCC_WARN_UNINITIALIZED_AUTOS = YES_AGGRESSIVE;
				GCC_WARN_UNUSED_FUNCTION = YES;
				GCC_WARN_UNUSED_VARIABLE = YES;
				IPHONEOS_DEPLOYMENT_TARGET = 18.4;
				LOCALIZATION_PREFERS_STRING_CATALOGS = YES;
				MTL_ENABLE_DEBUG_INFO = NO;
				MTL_FAST_MATH = YES;
				SDKROOT = iphoneos;
				SWIFT_COMPILATION_MODE = wholemodule;
				VALIDATE_PRODUCT = YES;
			};
			name = Release;
		};
		215F355A2DA7385F00122F06 /* Debug */ = {
			isa = XCBuildConfiguration;
			buildSettings = {
				ASSETCATALOG_COMPILER_APPICON_NAME = AppIcon;
				ASSETCATALOG_COMPILER_GLOBAL_ACCENT_COLOR_NAME = AccentColor;
				CODE_SIGN_STYLE = Automatic;
				CURRENT_PROJECT_VERSION = 1;
				DEVELOPMENT_TEAM = W7TTKAZX72;
				ENABLE_PREVIEWS = YES;
				GENERATE_INFOPLIST_FILE = YES;
				INFOPLIST_KEY_UIApplicationSceneManifest_Generation = YES;
				INFOPLIST_KEY_UIApplicationSupportsIndirectInputEvents = YES;
				INFOPLIST_KEY_UILaunchScreen_Generation = YES;
				INFOPLIST_KEY_UISupportedInterfaceOrientations_iPad = "UIInterfaceOrientationPortrait UIInterfaceOrientationPortraitUpsideDown UIInterfaceOrientationLandscapeLeft UIInterfaceOrientationLandscapeRight";
				INFOPLIST_KEY_UISupportedInterfaceOrientations_iPhone = "UIInterfaceOrientationPortrait UIInterfaceOrientationLandscapeLeft UIInterfaceOrientationLandscapeRight";
				LD_RUNPATH_SEARCH_PATHS = (
					"$(inherited)",
					"@executable_path/Frameworks",
				);
				MARKETING_VERSION = 1.0;
				PRODUCT_BUNDLE_IDENTIFIER = com.github.xezrunner.LuckUIExperiments;
				PRODUCT_NAME = "$(TARGET_NAME)";
				SWIFT_EMIT_LOC_STRINGS = YES;
				SWIFT_VERSION = 5.0;
				TARGETED_DEVICE_FAMILY = "1,2";
			};
			name = Debug;
		};
		215F355B2DA7385F00122F06 /* Release */ = {
			isa = XCBuildConfiguration;
			buildSettings = {
				ASSETCATALOG_COMPILER_APPICON_NAME = AppIcon;
				ASSETCATALOG_COMPILER_GLOBAL_ACCENT_COLOR_NAME = AccentColor;
				CODE_SIGN_STYLE = Automatic;
				CURRENT_PROJECT_VERSION = 1;
				DEVELOPMENT_TEAM = W7TTKAZX72;
				ENABLE_PREVIEWS = YES;
				GENERATE_INFOPLIST_FILE = YES;
				INFOPLIST_KEY_UIApplicationSceneManifest_Generation = YES;
				INFOPLIST_KEY_UIApplicationSupportsIndirectInputEvents = YES;
				INFOPLIST_KEY_UILaunchScreen_Generation = YES;
				INFOPLIST_KEY_UISupportedInterfaceOrientations_iPad = "UIInterfaceOrientationPortrait UIInterfaceOrientationPortraitUpsideDown UIInterfaceOrientationLandscapeLeft UIInterfaceOrientationLandscapeRight";
				INFOPLIST_KEY_UISupportedInterfaceOrientations_iPhone = "UIInterfaceOrientationPortrait UIInterfaceOrientationLandscapeLeft UIInterfaceOrientationLandscapeRight";
				LD_RUNPATH_SEARCH_PATHS = (
					"$(inherited)",
					"@executable_path/Frameworks",
				);
				MARKETING_VERSION = 1.0;
				PRODUCT_BUNDLE_IDENTIFIER = com.github.xezrunner.LuckUIExperiments;
				PRODUCT_NAME = "$(TARGET_NAME)";
				SWIFT_EMIT_LOC_STRINGS = YES;
				SWIFT_VERSION = 5.0;
				TARGETED_DEVICE_FAMILY = "1,2";
			};
			name = Release;
		};
/* End XCBuildConfiguration section */

/* Begin XCConfigurationList section */
		215F35492DA7385E00122F06 /* Build configuration list for PBXProject "LuckUIExperiments" */ = {
			isa = XCConfigurationList;
			buildConfigurations = (
				215F35572DA7385F00122F06 /* Debug */,
				215F35582DA7385F00122F06 /* Release */,
			);
			defaultConfigurationIsVisible = 0;
			defaultConfigurationName = Release;
		};
		215F35592DA7385F00122F06 /* Build configuration list for PBXNativeTarget "LuckUIExperiments" */ = {
			isa = XCConfigurationList;
			buildConfigurations = (
				215F355A2DA7385F00122F06 /* Debug */,
				215F355B2DA7385F00122F06 /* Release */,
			);
			defaultConfigurationIsVisible = 0;
			defaultConfigurationName = Release;
		};
/* End XCConfigurationList section */
	};
	rootObject = 215F35462DA7385E00122F06 /* Project object */;
}
